
Microsoft Visual Studio Solution File, Format Version 12.00
# Visual Studio Version 17
VisualStudioVersion = 17.7.34031.279
MinimumVisualStudioVersion = 10.0.40219.1
Project("{FAE04EC0-301F-11D3-BF4B-00C04F79EFBC}") = "MailBg", "MailBg\MailBg.csproj", "{6CA8091A-7607-4892-AE39-32F70DF96E9C}"
EndProject
Global
	GlobalSection(SolutionConfigurationPlatforms) = preSolution
		Debug|Any CPU = Debug|Any CPU
		Release|Any CPU = Release|Any CPU
	EndGlobalSection
	GlobalSection(ProjectConfigurationPlatforms) = postSolution
		{6CA8091A-7607-4892-AE39-32F70DF96E9C}.Debug|Any CPU.ActiveCfg = Debug|Any CPU
		{6CA8091A-7607-4892-AE39-32F70DF96E9C}.Debug|Any CPU.Build.0 = Debug|Any CPU
		{6CA8091A-7607-4892-AE39-32F70DF96E9C}.Release|Any CPU.ActiveCfg = Release|Any CPU
		{6CA8091A-7607-4892-AE39-32F70DF96E9C}.Release|Any CPU.Build.0 = Release|Any CPU
	EndGlobalSection
	GlobalSection(SolutionProperties) = preSolution
		HideSolutionNode = FALSE
	EndGlobalSection
	GlobalSection(ExtensibilityGlobals) = postSolution
		SolutionGuid = {36295AE1-BFE1-4A2E-A9D9-44E807B5E229}
	EndGlobalSection
EndGlobal
